{
  "name": "image-search-app",
  "version": "1.0.0",
  "lockfileVersion": 3,
  "requires": true,
  "packages": {
    "": {
      "name": "image-search-app",
      "version": "1.0.0",
      "dependencies": {
        "@leeoniya/ufuzzy": "^1.0.18",
        "tesseract.js": "^5.0.0"
      }
    },
    "node_modules/@leeoniya/ufuzzy": {
      "version": "1.0.18",
      "resolved": "https://registry.npmjs.org/@leeoniya/ufuzzy/-/ufuzzy-1.0.18.tgz",
      "integrity": "sha512-5D54A86/VaPvJVf7UWJgy+UyhDtstUxq0iQd8UOZ2TG3NjV2oSoa9m4qW3VsotDD6dH2SNHDQwSPq+IAuudnag==",
      "license": "MIT"
    },
    "node_modules/bmp-js": {
      "version": "0.1.0",
      "license": "MIT"
    },
    "node_modules/idb-keyval": {
      "version": "6.2.1",
      "license": "Apache-2.0"
    },
    "node_modules/is-electron": {
      "version": "2.2.2",
      "license": "MIT"
    },
    "node_modules/is-url": {
      "version": "1.2.4",
      "license": "MIT"
    },
    "node_modules/node-fetch": {
      "version": "2.7.0",
      "license": "MIT",
      "dependencies": {
        "whatwg-url": "^5.0.0"
      },
      "engines": {
        "node": "4.x || >=6.0.0"
      },
      "peerDependencies": {
        "encoding": "^0.1.0"
      },
      "peerDependenciesMeta": {
        "encoding": {
          "optional": true
        }
      }
    },
    "node_modules/opencollective-postinstall": {
      "version": "2.0.3",
      "license": "MIT",
      "bin": {
        "opencollective-postinstall": "index.js"
      }
    },
    "node_modules/regenerator-runtime": {
      "version": "0.13.11",
      "license": "MIT"
    },
    "node_modules/tesseract.js": {
      "version": "5.1.1",
      "hasInstallScript": true,
      "license": "Apache-2.0",
      "dependencies": {
        "bmp-js": "^0.1.0",
        "idb-keyval": "^6.2.0",
        "is-electron": "^2.2.2",
        "is-url": "^1.2.4",
        "node-fetch": "^2.6.9",
        "opencollective-postinstall": "^2.0.3",
        "regenerator-runtime": "^0.13.3",
        "tesseract.js-core": "^5.1.1",
        "wasm-feature-detect": "^1.2.11",
        "zlibjs": "^0.3.1"
      }
    },
    "node_modules/tesseract.js-core": {
      "version": "5.1.1",
      "license": "Apache-2.0"
    },
    "node_modules/tr46": {
      "version": "0.0.3",
      "license": "MIT"
    },
    "node_modules/wasm-feature-detect": {
      "version": "1.8.0",
      "license": "Apache-2.0"
    },
    "node_modules/webidl-conversions": {
      "version": "3.0.1",
      "license": "BSD-2-Clause"
    },
    "node_modules/whatwg-url": {
      "version": "5.0.0",
      "license": "MIT",
      "dependencies": {
        "tr46": "~0.0.3",
        "webidl-conversions": "^3.0.0"
      }
    },
    "node_modules/zlibjs": {
      "version": "0.3.1",
      "license": "MIT",
      "engines": {
        "node": "*"
      }
    }
  }
}
